PODS:
  - Flutter (1.0.0)
  - stripe_terminal (0.0.1):
    - Flutter
    - StripeTerminal (~> 2.7.0)
  - StripeTerminal (2.7.0)

DEPENDENCIES:
  - Flutter (from `Flutter`)
  - stripe_terminal (from `.symlinks/plugins/stripe_terminal/ios`)

SPEC REPOS:
  trunk:
    - StripeTerminal

EXTERNAL SOURCES:
  Flutter:
    :path: Flutter
  stripe_terminal:
    :path: ".symlinks/plugins/stripe_terminal/ios"

SPEC CHECKSUMS:
  Flutter: f04841e97a9d0b0a8025694d0796dd46242b2854
  stripe_terminal: a2a0fcc5ee3fdcd9d072fa4f11efa75012f0fb1c
  StripeTerminal: 237b759168a00c7f55b97c743cd8a4921866c46b

PODFILE CHECKSUM: 7368163408c647b7eb699d0d788ba6718e18fb8d

COCOAPODS: 1.11.3
